
Microsoft Visual Studio Solution File, Format Version 12.00
# Visual Studio Version 17
VisualStudioVersion = 17.11.35222.181
MinimumVisualStudioVersion = 10.0.40219.1
Project("{FAE04EC0-301F-11D3-BF4B-00C04F79EFBC}") = "Calculator", "Calculator\Calculator.csproj", "{18F3ACA4-8F88-4AFF-A83C-6E63884954E6}"
EndProject
Project("{FAE04EC0-301F-11D3-BF4B-00C04F79EFBC}") = "CalculatorTest", "CalculatorTest\CalculatorTest.csproj", "{24F6A54F-F1BA-4C13-B7ED-4E596C69BBAF}"
EndProject
Global
	GlobalSection(SolutionConfigurationPlatforms) = preSolution
		Debug|Any CPU = Debug|Any CPU
		Release|Any CPU = Release|Any CPU
	EndGlobalSection
	GlobalSection(ProjectConfigurationPlatforms) = postSolution
		{18F3ACA4-8F88-4AFF-A83C-6E63884954E6}.Debug|Any CPU.ActiveCfg = Debug|Any CPU
		{18F3ACA4-8F88-4AFF-A83C-6E63884954E6}.Debug|Any CPU.Build.0 = Debug|Any CPU
		{18F3ACA4-8F88-4AFF-A83C-6E63884954E6}.Release|Any CPU.ActiveCfg = Release|Any CPU
		{18F3ACA4-8F88-4AFF-A83C-6E63884954E6}.Release|Any CPU.Build.0 = Release|Any CPU
		{24F6A54F-F1BA-4C13-B7ED-4E596C69BBAF}.Debug|Any CPU.ActiveCfg = Debug|Any CPU
		{24F6A54F-F1BA-4C13-B7ED-4E596C69BBAF}.Debug|Any CPU.Build.0 = Debug|Any CPU
		{24F6A54F-F1BA-4C13-B7ED-4E596C69BBAF}.Release|Any CPU.ActiveCfg = Release|Any CPU
		{24F6A54F-F1BA-4C13-B7ED-4E596C69BBAF}.Release|Any CPU.Build.0 = Release|Any CPU
	EndGlobalSection
	GlobalSection(SolutionProperties) = preSolution
		HideSolutionNode = FALSE
	EndGlobalSection
	GlobalSection(ExtensibilityGlobals) = postSolution
		SolutionGuid = {6B06643A-ED7C-40A6-B0D2-A655ACE3C74A}
	EndGlobalSection
EndGlobal
